// !$*UTF8*$!
{
	archiveVersion = 1;
	classes = {
	};
	objectVersion = 56;
	objects = {

/* Begin PBXBuildFile section */
		27E4FB912AF2DC8300820D18 /* sfr3testApp.swift in Sources */ = {isa = PBXBuildFile; fileRef = 27E4FB902AF2DC8300820D18 /* sfr3testApp.swift */; };
		27E4FB932AF2DC8300820D18 /* ContentView.swift in Sources */ = {isa = PBXBuildFile; fileRef = 27E4FB922AF2DC8300820D18 /* ContentView.swift */; };
		27E4FB952AF2DC8600820D18 /* Assets.xcassets in Resources */ = {isa = PBXBuildFile; fileRef = 27E4FB942AF2DC8600820D18 /* Assets.xcassets */; };
		27E4FB982AF2DC8600820D18 /* Preview Assets.xcassets in Resources */ = {isa = PBXBuildFile; fileRef = 27E4FB972AF2DC8600820D18 /* Preview Assets.xcassets */; };
		27E4FBA22AF2DC8600820D18 /* sfr3testTests.swift in Sources */ = {isa = PBXBuildFile; fileRef = 27E4FBA12AF2DC8600820D18 /* sfr3testTests.swift */; };
		27E4FBAC2AF2DC8600820D18 /* sfr3testUITests.swift in Sources */ = {isa = PBXBuildFile; fileRef = 27E4FBAB2AF2DC8600820D18 /* sfr3testUITests.swift */; };
		27E4FBAE2AF2DC8600820D18 /* sfr3testUITestsLaunchTests.swift in Sources */ = {isa = PBXBuildFile; fileRef = 27E4FBAD2AF2DC8600820D18 /* sfr3testUITestsLaunchTests.swift */; };
/* End PBXBuildFile section */

/* Begin PBXContainerItemProxy section */
		27E4FB9E2AF2DC8600820D18 /* PBXContainerItemProxy */ = {
			isa = PBXContainerItemProxy;
			containerPortal = 27E4FB852AF2DC8300820D18 /* Project object */;
			proxyType = 1;
			remoteGlobalIDString = 27E4FB8C2AF2DC8300820D18;
			remoteInfo = sfr3test;
		};
		27E4FBA82AF2DC8600820D18 /* PBXContainerItemProxy */ = {
			isa = PBXContainerItemProxy;
			containerPortal = 27E4FB852AF2DC8300820D18 /* Project object */;
			proxyType = 1;
			remoteGlobalIDString = 27E4FB8C2AF2DC8300820D18;
			remoteInfo = sfr3test;
		};
/* End PBXContainerItemProxy section */

/* Begin PBXFileReference section */
		27E4FB8D2AF2DC8300820D18 /* sfr3test.app */ = {isa = PBXFileReference; explicitFileType = wrapper.application; includeInIndex = 0; path = sfr3test.app; sourceTree = BUILT_PRODUCTS_DIR; };
		27E4FB902AF2DC8300820D18 /* sfr3testApp.swift */ = {isa = PBXFileReference; lastKnownFileType = sourcecode.swift; path = sfr3testApp.swift; sourceTree = "<group>"; };
		27E4FB922AF2DC8300820D18 /* ContentView.swift */ = {isa = PBXFileReference; lastKnownFileType = sourcecode.swift; path = ContentView.swift; sourceTree = "<group>"; };
		27E4FB942AF2DC8600820D18 /* Assets.xcassets */ = {isa = PBXFileReference; lastKnownFileType = folder.assetcatalog; path = Assets.xcassets; sourceTree = "<group>"; };
		27E4FB972AF2DC8600820D18 /* Preview Assets.xcassets */ = {isa = PBXFileReference; lastKnownFileType = folder.assetcatalog; path = "Preview Assets.xcassets"; sourceTree = "<group>"; };
		27E4FB9D2AF2DC8600820D18 /* sfr3testTests.xctest */ = {isa = PBXFileReference; explicitFileType = wrapper.cfbundle; includeInIndex = 0; path = sfr3testTests.xctest; sourceTree = BUILT_PRODUCTS_DIR; };
		27E4FBA12AF2DC8600820D18 /* sfr3testTests.swift */ = {isa = PBXFileReference; lastKnownFileType = sourcecode.swift; path = sfr3testTests.swift; sourceTree = "<group>"; };
		27E4FBA72AF2DC8600820D18 /* sfr3testUITests.xctest */ = {isa = PBXFileReference; explicitFileType = wrapper.cfbundle; includeInIndex = 0; path = sfr3testUITests.xctest; sourceTree = BUILT_PRODUCTS_DIR; };
		27E4FBAB2AF2DC8600820D18 /* sfr3testUITests.swift */ = {isa = PBXFileReference; lastKnownFileType = sourcecode.swift; path = sfr3testUITests.swift; sourceTree = "<group>"; };
		27E4FBAD2AF2DC8600820D18 /* sfr3testUITestsLaunchTests.swift */ = {isa = PBXFileReference; lastKnownFileType = sourcecode.swift; path = sfr3testUITestsLaunchTests.swift; sourceTree = "<group>"; };
/* End PBXFileReference section */

/* Begin PBXFrameworksBuildPhase section */
		27E4FB8A2AF2DC8300820D18 /* Frameworks */ = {
			isa = PBXFrameworksBuildPhase;
			buildActionMask = 2147483647;
			files = (
			);
			runOnlyForDeploymentPostprocessing = 0;
		};
		27E4FB9A2AF2DC8600820D18 /* Frameworks */ = {
			isa = PBXFrameworksBuildPhase;
			buildActionMask = 2147483647;
			files = (
			);
			runOnlyForDeploymentPostprocessing = 0;
		};
		27E4FBA42AF2DC8600820D18 /* Frameworks */ = {
			isa = PBXFrameworksBuildPhase;
			buildActionMask = 2147483647;
			files = (
			);
			runOnlyForDeploymentPostprocessing = 0;
		};
/* End PBXFrameworksBuildPhase section */

/* Begin PBXGroup section */
		27E4FB842AF2DC8300820D18 = {
			isa = PBXGroup;
			children = (
				27E4FB8F2AF2DC8300820D18 /* sfr3test */,
				27E4FBA02AF2DC8600820D18 /* sfr3testTests */,
				27E4FBAA2AF2DC8600820D18 /* sfr3testUITests */,
				27E4FB8E2AF2DC8300820D18 /* Products */,
			);
			sourceTree = "<group>";
		};
		27E4FB8E2AF2DC8300820D18 /* Products */ = {
			isa = PBXGroup;
			children = (
				27E4FB8D2AF2DC8300820D18 /* sfr3test.app */,
				27E4FB9D2AF2DC8600820D18 /* sfr3testTests.xctest */,
				27E4FBA72AF2DC8600820D18 /* sfr3testUITests.xctest */,
			);
			name = Products;
			sourceTree = "<group>";
		};
		27E4FB8F2AF2DC8300820D18 /* sfr3test */ = {
			isa = PBXGroup;
			children = (
				27E4FB902AF2DC8300820D18 /* sfr3testApp.swift */,
				27E4FB922AF2DC8300820D18 /* ContentView.swift */,
				27E4FB942AF2DC8600820D18 /* Assets.xcassets */,
				27E4FB962AF2DC8600820D18 /* Preview Content */,
			);
			path = sfr3test;
			sourceTree = "<group>";
		};
		27E4FB962AF2DC8600820D18 /* Preview Content */ = {
			isa = PBXGroup;
			children = (
				27E4FB972AF2DC8600820D18 /* Preview Assets.xcassets */,
			);
			path = "Preview Content";
			sourceTree = "<group>";
		};
		27E4FBA02AF2DC8600820D18 /* sfr3testTests */ = {
			isa = PBXGroup;
			children = (
				27E4FBA12AF2DC8600820D18 /* sfr3testTests.swift */,
			);
			path = sfr3testTests;
			sourceTree = "<group>";
		};
		27E4FBAA2AF2DC8600820D18 /* sfr3testUITests */ = {
			isa = PBXGroup;
			children = (
				27E4FBAB2AF2DC8600820D18 /* sfr3testUITests.swift */,
				27E4FBAD2AF2DC8600820D18 /* sfr3testUITestsLaunchTests.swift */,
			);
			path = sfr3testUITests;
			sourceTree = "<group>";
		};
/* End PBXGroup section */

/* Begin PBXNativeTarget section */
		27E4FB8C2AF2DC8300820D18 /* sfr3test */ = {
			isa = PBXNativeTarget;
			buildConfigurationList = 27E4FBB12AF2DC8600820D18 /* Build configuration list for PBXNativeTarget "sfr3test" */;
			buildPhases = (
				27E4FB892AF2DC8300820D18 /* Sources */,
				27E4FB8A2AF2DC8300820D18 /* Frameworks */,
				27E4FB8B2AF2DC8300820D18 /* Resources */,
			);
			buildRules = (
			);
			dependencies = (
			);
			name = sfr3test;
			productName = sfr3test;
			productReference = 27E4FB8D2AF2DC8300820D18 /* sfr3test.app */;
			productType = "com.apple.product-type.application";
		};
		27E4FB9C2AF2DC8600820D18 /* sfr3testTests */ = {
			isa = PBXNativeTarget;
			buildConfigurationList = 27E4FBB42AF2DC8600820D18 /* Build configuration list for PBXNativeTarget "sfr3testTests" */;
			buildPhases = (
				27E4FB992AF2DC8600820D18 /* Sources */,
				27E4FB9A2AF2DC8600820D18 /* Frameworks */,
				27E4FB9B2AF2DC8600820D18 /* Resources */,
			);
			buildRules = (
			);
			dependencies = (
				27E4FB9F2AF2DC8600820D18 /* PBXTargetDependency */,
			);
			name = sfr3testTests;
			productName = sfr3testTests;
			productReference = 27E4FB9D2AF2DC8600820D18 /* sfr3testTests.xctest */;
			productType = "com.apple.product-type.bundle.unit-test";
		};
		27E4FBA62AF2DC8600820D18 /* sfr3testUITests */ = {
			isa = PBXNativeTarget;
			buildConfigurationList = 27E4FBB72AF2DC8600820D18 /* Build configuration list for PBXNativeTarget "sfr3testUITests" */;
			buildPhases = (
				27E4FBA32AF2DC8600820D18 /* Sources */,
				27E4FBA42AF2DC8600820D18 /* Frameworks */,
				27E4FBA52AF2DC8600820D18 /* Resources */,
			);
			buildRules = (
			);
			dependencies = (
				27E4FBA92AF2DC8600820D18 /* PBXTargetDependency */,
			);
			name = sfr3testUITests;
			productName = sfr3testUITests;
			productReference = 27E4FBA72AF2DC8600820D18 /* sfr3testUITests.xctest */;
			productType = "com.apple.product-type.bundle.ui-testing";
		};
/* End PBXNativeTarget section */

/* Begin PBXProject section */
		27E4FB852AF2DC8300820D18 /* Project object */ = {
			isa = PBXProject;
			attributes = {
				BuildIndependentTargetsInParallel = 1;
				LastSwiftUpdateCheck = 1430;
				LastUpgradeCheck = 1430;
				TargetAttributes = {
					27E4FB8C2AF2DC8300820D18 = {
						CreatedOnToolsVersion = 14.3.1;
					};
					27E4FB9C2AF2DC8600820D18 = {
						CreatedOnToolsVersion = 14.3.1;
						TestTargetID = 27E4FB8C2AF2DC8300820D18;
					};
					27E4FBA62AF2DC8600820D18 = {
						CreatedOnToolsVersion = 14.3.1;
						TestTargetID = 27E4FB8C2AF2DC8300820D18;
					};
				};
			};
			buildConfigurationList = 27E4FB882AF2DC8300820D18 /* Build configuration list for PBXProject "sfr3test" */;
			compatibilityVersion = "Xcode 14.0";
			developmentRegion = en;
			hasScannedForEncodings = 0;
			knownRegions = (
				en,
				Base,
			);
			mainGroup = 27E4FB842AF2DC8300820D18;
			productRefGroup = 27E4FB8E2AF2DC8300820D18 /* Products */;
			projectDirPath = "";
			projectRoot = "";
			targets = (
				27E4FB8C2AF2DC8300820D18 /* sfr3test */,
				27E4FB9C2AF2DC8600820D18 /* sfr3testTests */,
				27E4FBA62AF2DC8600820D18 /* sfr3testUITests */,
			);
		};
/* End PBXProject section */

/* Begin PBXResourcesBuildPhase section */
		27E4FB8B2AF2DC8300820D18 /* Resources */ = {
			isa = PBXResourcesBuildPhase;
			buildActionMask = 2147483647;
			files = (
				27E4FB982AF2DC8600820D18 /* Preview Assets.xcassets in Resources */,
				27E4FB952AF2DC8600820D18 /* Assets.xcassets in Resources */,
			);
			runOnlyForDeploymentPostprocessing = 0;
		};
		27E4FB9B2AF2DC8600820D18 /* Resources */ = {
			isa = PBXResourcesBuildPhase;
			buildActionMask = 2147483647;
			files = (
			);
			runOnlyForDeploymentPostprocessing = 0;
		};
		27E4FBA52AF2DC8600820D18 /* Resources */ = {
			isa = PBXResourcesBuildPhase;
			buildActionMask = 2147483647;
			files = (
			);
			runOnlyForDeploymentPostprocessing = 0;
		};
/* End PBXResourcesBuildPhase section */

/* Begin PBXSourcesBuildPhase section */
		27E4FB892AF2DC8300820D18 /* Sources */ = {
			isa = PBXSourcesBuildPhase;
			buildActionMask = 2147483647;
			files = (
				27E4FB932AF2DC8300820D18 /* ContentView.swift in Sources */,
				27E4FB912AF2DC8300820D18 /* sfr3testApp.swift in Sources */,
			);
			runOnlyForDeploymentPostprocessing = 0;
		};
		27E4FB992AF2DC8600820D18 /* Sources */ = {
			isa = PBXSourcesBuildPhase;
			buildActionMask = 2147483647;
			files = (
				27E4FBA22AF2DC8600820D18 /* sfr3testTests.swift in Sources */,
			);
			runOnlyForDeploymentPostprocessing = 0;
		};
		27E4FBA32AF2DC8600820D18 /* Sources */ = {
			isa = PBXSourcesBuildPhase;
			buildActionMask = 2147483647;
			files = (
				27E4FBAE2AF2DC8600820D18 /* sfr3testUITestsLaunchTests.swift in Sources */,
				27E4FBAC2AF2DC8600820D18 /* sfr3testUITests.swift in Sources */,
			);
			runOnlyForDeploymentPostprocessing = 0;
		};
/* End PBXSourcesBuildPhase section */

/* Begin PBXTargetDependency section */
		27E4FB9F2AF2DC8600820D18 /* PBXTargetDependency */ = {
			isa = PBXTargetDependency;
			target = 27E4FB8C2AF2DC8300820D18 /* sfr3test */;
			targetProxy = 27E4FB9E2AF2DC8600820D18 /* PBXContainerItemProxy */;
		};
		27E4FBA92AF2DC8600820D18 /* PBXTargetDependency */ = {
			isa = PBXTargetDependency;
			target = 27E4FB8C2AF2DC8300820D18 /* sfr3test */;
			targetProxy = 27E4FBA82AF2DC8600820D18 /* PBXContainerItemProxy */;
		};
/* End PBXTargetDependency section */

/* Begin XCBuildConfiguration section */
		27E4FBAF2AF2DC8600820D18 /* Debug */ = {
			isa = XCBuildConfiguration;
			buildSettings = {
				ALWAYS_SEARCH_USER_PATHS = NO;
				CLANG_ANALYZER_NONNULL = YES;
				CLANG_ANALYZER_NUMBER_OBJECT_CONVERSION = YES_AGGRESSIVE;
				CLANG_CXX_LANGUAGE_STANDARD = "gnu++20";
				CLANG_ENABLE_MODULES = YES;
				CLANG_ENABLE_OBJC_ARC = YES;
				CLANG_ENABLE_OBJC_WEAK = YES;
				CLANG_WARN_BLOCK_CAPTURE_AUTORELEASING = YES;
				CLANG_WARN_BOOL_CONVERSION = YES;
				CLANG_WARN_COMMA = YES;
				CLANG_WARN_CONSTANT_CONVERSION = YES;
				CLANG_WARN_DEPRECATED_OBJC_IMPLEMENTATIONS = YES;
				CLANG_WARN_DIRECT_OBJC_ISA_USAGE = YES_ERROR;
				CLANG_WARN_DOCUMENTATION_COMMENTS = YES;
				CLANG_WARN_EMPTY_BODY = YES;
				CLANG_WARN_ENUM_CONVERSION = YES;
				CLANG_WARN_INFINITE_RECURSION = YES;
				CLANG_WARN_INT_CONVERSION = YES;
				CLANG_WARN_NON_LITERAL_NULL_CONVERSION = YES;
				CLANG_WARN_OBJC_IMPLICIT_RETAIN_SELF = YES;
				CLANG_WARN_OBJC_LITERAL_CONVERSION = YES;
				CLANG_WARN_OBJC_ROOT_CLASS = YES_ERROR;
				CLANG_WARN_QUOTED_INCLUDE_IN_FRAMEWORK_HEADER = YES;
				CLANG_WARN_RANGE_LOOP_ANALYSIS = YES;
				CLANG_WARN_STRICT_PROTOTYPES = YES;
				CLANG_WARN_SUSPICIOUS_MOVE = YES;
				CLANG_WARN_UNGUARDED_AVAILABILITY = YES_AGGRESSIVE;
				CLANG_WARN_UNREACHABLE_CODE = YES;
				CLANG_WARN__DUPLICATE_METHOD_MATCH = YES;
				COPY_PHASE_STRIP = NO;
				DEBUG_INFORMATION_FORMAT = dwarf;
				ENABLE_STRICT_OBJC_MSGSEND = YES;
				ENABLE_TESTABILITY = YES;
				GCC_C_LANGUAGE_STANDARD = gnu11;
				GCC_DYNAMIC_NO_PIC = NO;
				GCC_NO_COMMON_BLOCKS = YES;
				GCC_OPTIMIZATION_LEVEL = 0;
				GCC_PREPROCESSOR_DEFINITIONS = (
					"DEBUG=1",
					"$(inherited)",
				);
				GCC_WARN_64_TO_32_BIT_CONVERSION = YES;
				GCC_WARN_ABOUT_RETURN_TYPE = YES_ERROR;
				GCC_WARN_UNDECLARED_SELECTOR = YES;
				GCC_WARN_UNINITIALIZED_AUTOS = YES_AGGRESSIVE;
				GCC_WARN_UNUSED_FUNCTION = YES;
				GCC_WARN_UNUSED_VARIABLE = YES;
				IPHONEOS_DEPLOYMENT_TARGET = 16.4;
				MTL_ENABLE_DEBUG_INFO = INCLUDE_SOURCE;
				MTL_FAST_MATH = YES;
				ONLY_ACTIVE_ARCH = YES;
				SDKROOT = iphoneos;
				SWIFT_ACTIVE_COMPILATION_CONDITIONS = DEBUG;
				SWIFT_OPTIMIZATION_LEVEL = "-Onone";
			};
			name = Debug;
		};
		27E4FBB02AF2DC8600820D18 /* Release */ = {
			isa = XCBuildConfiguration;
			buildSettings = {
				ALWAYS_SEARCH_USER_PATHS = NO;
				CLANG_ANALYZER_NONNULL = YES;
				CLANG_ANALYZER_NUMBER_OBJECT_CONVERSION = YES_AGGRESSIVE;
				CLANG_CXX_LANGUAGE_STANDARD = "gnu++20";
				CLANG_ENABLE_MODULES = YES;
				CLANG_ENABLE_OBJC_ARC = YES;
				CLANG_ENABLE_OBJC_WEAK = YES;
				CLANG_WARN_BLOCK_CAPTURE_AUTORELEASING = YES;
				CLANG_WARN_BOOL_CONVERSION = YES;
				CLANG_WARN_COMMA = YES;
				CLANG_WARN_CONSTANT_CONVERSION = YES;
				CLANG_WARN_DEPRECATED_OBJC_IMPLEMENTATIONS = YES;
				CLANG_WARN_DIRECT_OBJC_ISA_USAGE = YES_ERROR;
				CLANG_WARN_DOCUMENTATION_COMMENTS = YES;
				CLANG_WARN_EMPTY_BODY = YES;
				CLANG_WARN_ENUM_CONVERSION = YES;
				CLANG_WARN_INFINITE_RECURSION = YES;
				CLANG_WARN_INT_CONVERSION = YES;
				CLANG_WARN_NON_LITERAL_NULL_CONVERSION = YES;
				CLANG_WARN_OBJC_IMPLICIT_RETAIN_SELF = YES;
				CLANG_WARN_OBJC_LITERAL_CONVERSION = YES;
				CLANG_WARN_OBJC_ROOT_CLASS = YES_ERROR;
				CLANG_WARN_QUOTED_INCLUDE_IN_FRAMEWORK_HEADER = YES;
				CLANG_WARN_RANGE_LOOP_ANALYSIS = YES;
				CLANG_WARN_STRICT_PROTOTYPES = YES;
				CLANG_WARN_SUSPICIOUS_MOVE = YES;
				CLANG_WARN_UNGUARDED_AVAILABILITY = YES_AGGRESSIVE;
				CLANG_WARN_UNREACHABLE_CODE = YES;
				CLANG_WARN__DUPLICATE_METHOD_MATCH = YES;
				COPY_PHASE_STRIP = NO;
				DEBUG_INFORMATION_FORMAT = "dwarf-with-dsym";
				ENABLE_NS_ASSERTIONS = NO;
				ENABLE_STRICT_OBJC_MSGSEND = YES;
				GCC_C_LANGUAGE_STANDARD = gnu11;
				GCC_NO_COMMON_BLOCKS = YES;
				GCC_WARN_64_TO_32_BIT_CONVERSION = YES;
				GCC_WARN_ABOUT_RETURN_TYPE = YES_ERROR;
				GCC_WARN_UNDECLARED_SELECTOR = YES;
				GCC_WARN_UNINITIALIZED_AUTOS = YES_AGGRESSIVE;
				GCC_WARN_UNUSED_FUNCTION = YES;
				GCC_WARN_UNUSED_VARIABLE = YES;
				IPHONEOS_DEPLOYMENT_TARGET = 16.4;
				MTL_ENABLE_DEBUG_INFO = NO;
				MTL_FAST_MATH = YES;
				SDKROOT = iphoneos;
				SWIFT_COMPILATION_MODE = wholemodule;
				SWIFT_OPTIMIZATION_LEVEL = "-O";
				VALIDATE_PRODUCT = YES;
			};
			name = Release;
		};
		27E4FBB22AF2DC8600820D18 /* Debug */ = {
			isa = XCBuildConfiguration;
			buildSettings = {
				ASSETCATALOG_COMPILER_APPICON_NAME = AppIcon;
				ASSETCATALOG_COMPILER_GLOBAL_ACCENT_COLOR_NAME = AccentColor;
				CODE_SIGN_STYLE = Automatic;
				CURRENT_PROJECT_VERSION = 1;
				DEVELOPMENT_ASSET_PATHS = "\"sfr3test/Preview Content\"";
				DEVELOPMENT_TEAM = C29LM9AH4L;
				ENABLE_PREVIEWS = YES;
				GENERATE_INFOPLIST_FILE = YES;
				INFOPLIST_KEY_UIApplicationSceneManifest_Generation = YES;
				INFOPLIST_KEY_UIApplicationSupportsIndirectInputEvents = YES;
				INFOPLIST_KEY_UILaunchScreen_Generation = YES;
				INFOPLIST_KEY_UISupportedInterfaceOrientations_iPad = "UIInterfaceOrientationPortrait UIInterfaceOrientationPortraitUpsideDown UIInterfaceOrientationLandscapeLeft UIInterfaceOrientationLandscapeRight";
				INFOPLIST_KEY_UISupportedInterfaceOrientations_iPhone = "UIInterfaceOrientationPortrait UIInterfaceOrientationLandscapeLeft UIInterfaceOrientationLandscapeRight";
				LD_RUNPATH_SEARCH_PATHS = (
					"$(inherited)",
					"@executable_path/Frameworks",
				);
				MARKETING_VERSION = 1.0;
				PRODUCT_BUNDLE_IDENTIFIER = com.turbofish.sfr3test;
				PRODUCT_NAME = "$(TARGET_NAME)";
				SWIFT_EMIT_LOC_STRINGS = YES;
				SWIFT_VERSION = 5.0;
				TARGETED_DEVICE_FAMILY = "1,2";
			};
			name = Debug;
		};
		27E4FBB32AF2DC8600820D18 /* Release */ = {
			isa = XCBuildConfiguration;
			buildSettings = {
				ASSETCATALOG_COMPILER_APPICON_NAME = AppIcon;
				ASSETCATALOG_COMPILER_GLOBAL_ACCENT_COLOR_NAME = AccentColor;
				CODE_SIGN_STYLE = Automatic;
				CURRENT_PROJECT_VERSION = 1;
				DEVELOPMENT_ASSET_PATHS = "\"sfr3test/Preview Content\"";
				DEVELOPMENT_TEAM = C29LM9AH4L;
				ENABLE_PREVIEWS = YES;
				GENERATE_INFOPLIST_FILE = YES;
				INFOPLIST_KEY_UIApplicationSceneManifest_Generation = YES;
				INFOPLIST_KEY_UIApplicationSupportsIndirectInputEvents = YES;
				INFOPLIST_KEY_UILaunchScreen_Generation = YES;
				INFOPLIST_KEY_UISupportedInterfaceOrientations_iPad = "UIInterfaceOrientationPortrait UIInterfaceOrientationPortraitUpsideDown UIInterfaceOrientationLandscapeLeft UIInterfaceOrientationLandscapeRight";
				INFOPLIST_KEY_UISupportedInterfaceOrientations_iPhone = "UIInterfaceOrientationPortrait UIInterfaceOrientationLandscapeLeft UIInterfaceOrientationLandscapeRight";
				LD_RUNPATH_SEARCH_PATHS = (
					"$(inherited)",
					"@executable_path/Frameworks",
				);
				MARKETING_VERSION = 1.0;
				PRODUCT_BUNDLE_IDENTIFIER = com.turbofish.sfr3test;
				PRODUCT_NAME = "$(TARGET_NAME)";
				SWIFT_EMIT_LOC_STRINGS = YES;
				SWIFT_VERSION = 5.0;
				TARGETED_DEVICE_FAMILY = "1,2";
			};
			name = Release;
		};
		27E4FBB52AF2DC8600820D18 /* Debug */ = {
			isa = XCBuildConfiguration;
			buildSettings = {
				ALWAYS_EMBED_SWIFT_STANDARD_LIBRARIES = YES;
				BUNDLE_LOADER = "$(TEST_HOST)";
				CODE_SIGN_STYLE = Automatic;
				CURRENT_PROJECT_VERSION = 1;
				DEVELOPMENT_TEAM = C29LM9AH4L;
				GENERATE_INFOPLIST_FILE = YES;
				IPHONEOS_DEPLOYMENT_TARGET = 16.4;
				MARKETING_VERSION = 1.0;
				PRODUCT_BUNDLE_IDENTIFIER = com.turbofish.sfr3testTests;
				PRODUCT_NAME = "$(TARGET_NAME)";
				SWIFT_EMIT_LOC_STRINGS = NO;
				SWIFT_VERSION = 5.0;
				TARGETED_DEVICE_FAMILY = "1,2";
				TEST_HOST = "$(BUILT_PRODUCTS_DIR)/sfr3test.app/$(BUNDLE_EXECUTABLE_FOLDER_PATH)/sfr3test";
			};
			name = Debug;
		};
		27E4FBB62AF2DC8600820D18 /* Release */ = {
			isa = XCBuildConfiguration;
			buildSettings = {
				ALWAYS_EMBED_SWIFT_STANDARD_LIBRARIES = YES;
				BUNDLE_LOADER = "$(TEST_HOST)";
				CODE_SIGN_STYLE = Automatic;
				CURRENT_PROJECT_VERSION = 1;
				DEVELOPMENT_TEAM = C29LM9AH4L;
				GENERATE_INFOPLIST_FILE = YES;
				IPHONEOS_DEPLOYMENT_TARGET = 16.4;
				MARKETING_VERSION = 1.0;
				PRODUCT_BUNDLE_IDENTIFIER = com.turbofish.sfr3testTests;
				PRODUCT_NAME = "$(TARGET_NAME)";
				SWIFT_EMIT_LOC_STRINGS = NO;
				SWIFT_VERSION = 5.0;
				TARGETED_DEVICE_FAMILY = "1,2";
				TEST_HOST = "$(BUILT_PRODUCTS_DIR)/sfr3test.app/$(BUNDLE_EXECUTABLE_FOLDER_PATH)/sfr3test";
			};
			name = Release;
		};
		27E4FBB82AF2DC8600820D18 /* Debug */ = {
			isa = XCBuildConfiguration;
			buildSettings = {
				ALWAYS_EMBED_SWIFT_STANDARD_LIBRARIES = YES;
				CODE_SIGN_STYLE = Automatic;
				CURRENT_PROJECT_VERSION = 1;
				DEVELOPMENT_TEAM = C29LM9AH4L;
				GENERATE_INFOPLIST_FILE = YES;
				MARKETING_VERSION = 1.0;
				PRODUCT_BUNDLE_IDENTIFIER = com.turbofish.sfr3testUITests;
				PRODUCT_NAME = "$(TARGET_NAME)";
				SWIFT_EMIT_LOC_STRINGS = NO;
				SWIFT_VERSION = 5.0;
				TARGETED_DEVICE_FAMILY = "1,2";
				TEST_TARGET_NAME = sfr3test;
			};
			name = Debug;
		};
		27E4FBB92AF2DC8600820D18 /* Release */ = {
			isa = XCBuildConfiguration;
			buildSettings = {
				ALWAYS_EMBED_SWIFT_STANDARD_LIBRARIES = YES;
				CODE_SIGN_STYLE = Automatic;
				CURRENT_PROJECT_VERSION = 1;
				DEVELOPMENT_TEAM = C29LM9AH4L;
				GENERATE_INFOPLIST_FILE = YES;
				MARKETING_VERSION = 1.0;
				PRODUCT_BUNDLE_IDENTIFIER = com.turbofish.sfr3testUITests;
				PRODUCT_NAME = "$(TARGET_NAME)";
				SWIFT_EMIT_LOC_STRINGS = NO;
				SWIFT_VERSION = 5.0;
				TARGETED_DEVICE_FAMILY = "1,2";
				TEST_TARGET_NAME = sfr3test;
			};
			name = Release;
		};
/* End XCBuildConfiguration section */

/* Begin XCConfigurationList section */
		27E4FB882AF2DC8300820D18 /* Build configuration list for PBXProject "sfr3test" */ = {
			isa = XCConfigurationList;
			buildConfigurations = (
				27E4FBAF2AF2DC8600820D18 /* Debug */,
				27E4FBB02AF2DC8600820D18 /* Release */,
			);
			defaultConfigurationIsVisible = 0;
			defaultConfigurationName = Release;
		};
		27E4FBB12AF2DC8600820D18 /* Build configuration list for PBXNativeTarget "sfr3test" */ = {
			isa = XCConfigurationList;
			buildConfigurations = (
				27E4FBB22AF2DC8600820D18 /* Debug */,
				27E4FBB32AF2DC8600820D18 /* Release */,
			);
			defaultConfigurationIsVisible = 0;
			defaultConfigurationName = Release;
		};
		27E4FBB42AF2DC8600820D18 /* Build configuration list for PBXNativeTarget "sfr3testTests" */ = {
			isa = XCConfigurationList;
			buildConfigurations = (
				27E4FBB52AF2DC8600820D18 /* Debug */,
				27E4FBB62AF2DC8600820D18 /* Release */,
			);
			defaultConfigurationIsVisible = 0;
			defaultConfigurationName = Release;
		};
		27E4FBB72AF2DC8600820D18 /* Build configuration list for PBXNativeTarget "sfr3testUITests" */ = {
			isa = XCConfigurationList;
			buildConfigurations = (
				27E4FBB82AF2DC8600820D18 /* Debug */,
				27E4FBB92AF2DC8600820D18 /* Release */,
			);
			defaultConfigurationIsVisible = 0;
			defaultConfigurationName = Release;
		};
/* End XCConfigurationList section */
	};
	rootObject = 27E4FB852AF2DC8300820D18 /* Project object */;
}
